
Microsoft Visual Studio Solution File, Format Version 12.00
# Visual Studio Version 16
VisualStudioVersion = 16.0.29519.181
MinimumVisualStudioVersion = 10.0.40219.1
Project("{8BC9CEB8-8B4A-11D0-8D11-00A0C91BC942}") = "nibirumanpp", "nibirumanpp.vcxproj", "{F0516872-7864-4360-BAD3-EF403F70EAC6}"
EndProject
Project("{8BC9CEB8-8B4A-11D0-8D11-00A0C91BC942}") = "test", "test\test.vcxproj", "{F070D78D-28CD-46FC-8E14-57BB34D07E4F}"
EndProject
Global
	GlobalSection(SolutionConfigurationPlatforms) = preSolution
		Debug|x64 = Debug|x64
		Release|x64 = Release|x64
	EndGlobalSection
	GlobalSection(ProjectConfigurationPlatforms) = postSolution
		{F0516872-7864-4360-BAD3-EF403F70EAC6}.Debug|x64.ActiveCfg = Debug|x64
		{F0516872-7864-4360-BAD3-EF403F70EAC6}.Debug|x64.Build.0 = Debug|x64
		{F0516872-7864-4360-BAD3-EF403F70EAC6}.Release|x64.ActiveCfg = Release|x64
		{F0516872-7864-4360-BAD3-EF403F70EAC6}.Release|x64.Build.0 = Release|x64
		{F070D78D-28CD-46FC-8E14-57BB34D07E4F}.Debug|x64.ActiveCfg = Debug|x64
		{F070D78D-28CD-46FC-8E14-57BB34D07E4F}.Debug|x64.Build.0 = Debug|x64
		{F070D78D-28CD-46FC-8E14-57BB34D07E4F}.Release|x64.ActiveCfg = Release|x64
		{F070D78D-28CD-46FC-8E14-57BB34D07E4F}.Release|x64.Build.0 = Release|x64
	EndGlobalSection
	GlobalSection(SolutionProperties) = preSolution
		HideSolutionNode = FALSE
	EndGlobalSection
	GlobalSection(ExtensibilityGlobals) = postSolution
		SolutionGuid = {4F85E38C-E1AF-4E94-B665-6C839C915B97}
	EndGlobalSection
EndGlobal
